
Microsoft Visual Studio Solution File, Format Version 12.00
# Visual Studio Version 17
VisualStudioVersion = 17.5.33530.505
MinimumVisualStudioVersion = 10.0.40219.1
Project("{FAE04EC0-301F-11D3-BF4B-00C04F79EFBC}") = "FlightBookingSystem", "FlightBookingSystem\FlightBookingSystem.csproj", "{CC11F2FA-8071-4C6A-AC27-42E8AE858EBD}"
EndProject
Global
	GlobalSection(SolutionConfigurationPlatforms) = preSolution
		Debug|Any CPU = Debug|Any CPU
		Release|Any CPU = Release|Any CPU
	EndGlobalSection
	GlobalSection(ProjectConfigurationPlatforms) = postSolution
		{CC11F2FA-8071-4C6A-AC27-42E8AE858EBD}.Debug|Any CPU.ActiveCfg = Debug|Any CPU
		{CC11F2FA-8071-4C6A-AC27-42E8AE858EBD}.Debug|Any CPU.Build.0 = Debug|Any CPU
		{CC11F2FA-8071-4C6A-AC27-42E8AE858EBD}.Release|Any CPU.ActiveCfg = Release|Any CPU
		{CC11F2FA-8071-4C6A-AC27-42E8AE858EBD}.Release|Any CPU.Build.0 = Release|Any CPU
	EndGlobalSection
	GlobalSection(SolutionProperties) = preSolution
		HideSolutionNode = FALSE
	EndGlobalSection
	GlobalSection(ExtensibilityGlobals) = postSolution
		SolutionGuid = {ED9A0912-6ED7-414F-A43E-CD40665DA9A8}
	EndGlobalSection
EndGlobal
